// !$*UTF8*$!
{
	archiveVersion = 1;
	classes = {
	};
	objectVersion = 46;
	objects = {

/* Begin PBXBuildFile section */
		2237D6B91B20D700005E48FE /* AppDelegate.swift in Sources */ = {isa = PBXBuildFile; fileRef = 2237D6B81B20D700005E48FE /* AppDelegate.swift */; };
		2237D6BB1B20D700005E48FE /* ViewController.swift in Sources */ = {isa = PBXBuildFile; fileRef = 2237D6BA1B20D700005E48FE /* ViewController.swift */; };
		2237D6BE1B20D700005E48FE /* Main.storyboard in Resources */ = {isa = PBXBuildFile; fileRef = 2237D6BC1B20D700005E48FE /* Main.storyboard */; };
		2237D6C01B20D700005E48FE /* Images.xcassets in Resources */ = {isa = PBXBuildFile; fileRef = 2237D6BF1B20D700005E48FE /* Images.xcassets */; };
		2237D6C31B20D700005E48FE /* LaunchScreen.xib in Resources */ = {isa = PBXBuildFile; fileRef = 2237D6C11B20D700005E48FE /* LaunchScreen.xib */; };
		2237D6CF1B20D700005E48FE /* HikerTests.swift in Sources */ = {isa = PBXBuildFile; fileRef = 2237D6CE1B20D700005E48FE /* HikerTests.swift */; };
/* End PBXBuildFile section */

/* Begin PBXContainerItemProxy section */
		2237D6C91B20D700005E48FE /* PBXContainerItemProxy */ = {
			isa = PBXContainerItemProxy;
			containerPortal = 2237D6AB1B20D700005E48FE /* Project object */;
			proxyType = 1;
			remoteGlobalIDString = 2237D6B21B20D700005E48FE;
			remoteInfo = Hiker;
		};
/* End PBXContainerItemProxy section */

/* Begin PBXFileReference section */
		2237D6B31B20D700005E48FE /* Hiker.app */ = {isa = PBXFileReference; explicitFileType = wrapper.application; includeInIndex = 0; path = Hiker.app; sourceTree = BUILT_PRODUCTS_DIR; };
		2237D6B71B20D700005E48FE /* Info.plist */ = {isa = PBXFileReference; lastKnownFileType = text.plist.xml; path = Info.plist; sourceTree = "<group>"; };
		2237D6B81B20D700005E48FE /* AppDelegate.swift */ = {isa = PBXFileReference; lastKnownFileType = sourcecode.swift; path = AppDelegate.swift; sourceTree = "<group>"; };
		2237D6BA1B20D700005E48FE /* ViewController.swift */ = {isa = PBXFileReference; lastKnownFileType = sourcecode.swift; path = ViewController.swift; sourceTree = "<group>"; };
		2237D6BD1B20D700005E48FE /* Base */ = {isa = PBXFileReference; lastKnownFileType = text.xml; name = Base; path = Base.lproj/Main.storyboard; sourceTree = "<group>"; };
		2237D6BF1B20D700005E48FE /* Images.xcassets */ = {isa = PBXFileReference; lastKnownFileType = folder.assetcatalog; path = Images.xcassets; sourceTree = "<group>"; };
		2237D6C21B20D700005E48FE /* Base */ = {isa = PBXFileReference; lastKnownFileType = text.xml; name = Base; path = Base.lproj/LaunchScreen.xib; sourceTree = "<group>"; };
		2237D6C81B20D700005E48FE /* HikerTests.xctest */ = {isa = PBXFileReference; explicitFileType = wrapper.cfbundle; includeInIndex = 0; path = HikerTests.xctest; sourceTree = BUILT_PRODUCTS_DIR; };
		2237D6CD1B20D700005E48FE /* Info.plist */ = {isa = PBXFileReference; lastKnownFileType = text.plist.xml; path = Info.plist; sourceTree = "<group>"; };
		2237D6CE1B20D700005E48FE /* HikerTests.swift */ = {isa = PBXFileReference; lastKnownFileType = sourcecode.swift; path = HikerTests.swift; sourceTree = "<group>"; };
/* End PBXFileReference section */

/* Begin PBXFrameworksBuildPhase section */
		2237D6B01B20D700005E48FE /* Frameworks */ = {
			isa = PBXFrameworksBuildPhase;
			buildActionMask = 2147483647;
			files = (
			);
			runOnlyForDeploymentPostprocessing = 0;
		};
		2237D6C51B20D700005E48FE /* Frameworks */ = {
			isa = PBXFrameworksBuildPhase;
			buildActionMask = 2147483647;
			files = (
			);
			runOnlyForDeploymentPostprocessing = 0;
		};
/* End PBXFrameworksBuildPhase section */

/* Begin PBXGroup section */
		2237D6AA1B20D700005E48FE = {
			isa = PBXGroup;
			children = (
				2237D6B51B20D700005E48FE /* Hiker */,
				2237D6CB1B20D700005E48FE /* HikerTests */,
				2237D6B41B20D700005E48FE /* Products */,
			);
			sourceTree = "<group>";
		};
		2237D6B41B20D700005E48FE /* Products */ = {
			isa = PBXGroup;
			children = (
				2237D6B31B20D700005E48FE /* Hiker.app */,
				2237D6C81B20D700005E48FE /* HikerTests.xctest */,
			);
			name = Products;
			sourceTree = "<group>";
		};
		2237D6B51B20D700005E48FE /* Hiker */ = {
			isa = PBXGroup;
			children = (
				2237D6B81B20D700005E48FE /* AppDelegate.swift */,
				2237D6BA1B20D700005E48FE /* ViewController.swift */,
				2237D6BC1B20D700005E48FE /* Main.storyboard */,
				2237D6BF1B20D700005E48FE /* Images.xcassets */,
				2237D6C11B20D700005E48FE /* LaunchScreen.xib */,
				2237D6B61B20D700005E48FE /* Supporting Files */,
			);
			path = Hiker;
			sourceTree = "<group>";
		};
		2237D6B61B20D700005E48FE /* Supporting Files */ = {
			isa = PBXGroup;
			children = (
				2237D6B71B20D700005E48FE /* Info.plist */,
			);
			name = "Supporting Files";
			sourceTree = "<group>";
		};
		2237D6CB1B20D700005E48FE /* HikerTests */ = {
			isa = PBXGroup;
			children = (
				2237D6CE1B20D700005E48FE /* HikerTests.swift */,
				2237D6CC1B20D700005E48FE /* Supporting Files */,
			);
			path = HikerTests;
			sourceTree = "<group>";
		};
		2237D6CC1B20D700005E48FE /* Supporting Files */ = {
			isa = PBXGroup;
			children = (
				2237D6CD1B20D700005E48FE /* Info.plist */,
			);
			name = "Supporting Files";
			sourceTree = "<group>";
		};
/* End PBXGroup section */

/* Begin PBXNativeTarget section */
		2237D6B21B20D700005E48FE /* Hiker */ = {
			isa = PBXNativeTarget;
			buildConfigurationList = 2237D6D21B20D700005E48FE /* Build configuration list for PBXNativeTarget "Hiker" */;
			buildPhases = (
				2237D6AF1B20D700005E48FE /* Sources */,
				2237D6B01B20D700005E48FE /* Frameworks */,
				2237D6B11B20D700005E48FE /* Resources */,
			);
			buildRules = (
			);
			dependencies = (
			);
			name = Hiker;
			productName = Hiker;
			productReference = 2237D6B31B20D700005E48FE /* Hiker.app */;
			productType = "com.apple.product-type.application";
		};
		2237D6C71B20D700005E48FE /* HikerTests */ = {
			isa = PBXNativeTarget;
			buildConfigurationList = 2237D6D51B20D700005E48FE /* Build configuration list for PBXNativeTarget "HikerTests" */;
			buildPhases = (
				2237D6C41B20D700005E48FE /* Sources */,
				2237D6C51B20D700005E48FE /* Frameworks */,
				2237D6C61B20D700005E48FE /* Resources */,
			);
			buildRules = (
			);
			dependencies = (
				2237D6CA1B20D700005E48FE /* PBXTargetDependency */,
			);
			name = HikerTests;
			productName = HikerTests;
			productReference = 2237D6C81B20D700005E48FE /* HikerTests.xctest */;
			productType = "com.apple.product-type.bundle.unit-test";
		};
/* End PBXNativeTarget section */

/* Begin PBXProject section */
		2237D6AB1B20D700005E48FE /* Project object */ = {
			isa = PBXProject;
			attributes = {
				LastUpgradeCheck = 0640;
				ORGANIZATIONNAME = samswiches;
				TargetAttributes = {
					2237D6B21B20D700005E48FE = {
						CreatedOnToolsVersion = 6.4;
					};
					2237D6C71B20D700005E48FE = {
						CreatedOnToolsVersion = 6.4;
						TestTargetID = 2237D6B21B20D700005E48FE;
					};
				};
			};
			buildConfigurationList = 2237D6AE1B20D700005E48FE /* Build configuration list for PBXProject "Hiker" */;
			compatibilityVersion = "Xcode 3.2";
			developmentRegion = English;
			hasScannedForEncodings = 0;
			knownRegions = (
				en,
				Base,
			);
			mainGroup = 2237D6AA1B20D700005E48FE;
			productRefGroup = 2237D6B41B20D700005E48FE /* Products */;
			projectDirPath = "";
			projectRoot = "";
			targets = (
				2237D6B21B20D700005E48FE /* Hiker */,
				2237D6C71B20D700005E48FE /* HikerTests */,
			);
		};
/* End PBXProject section */

/* Begin PBXResourcesBuildPhase section */
		2237D6B11B20D700005E48FE /* Resources */ = {
			isa = PBXResourcesBuildPhase;
			buildActionMask = 2147483647;
			files = (
				2237D6BE1B20D700005E48FE /* Main.storyboard in Resources */,
				2237D6C31B20D700005E48FE /* LaunchScreen.xib in Resources */,
				2237D6C01B20D700005E48FE /* Images.xcassets in Resources */,
			);
			runOnlyForDeploymentPostprocessing = 0;
		};
		2237D6C61B20D700005E48FE /* Resources */ = {
			isa = PBXResourcesBuildPhase;
			buildActionMask = 2147483647;
			files = (
			);
			runOnlyForDeploymentPostprocessing = 0;
		};
/* End PBXResourcesBuildPhase section */

/* Begin PBXSourcesBuildPhase section */
		2237D6AF1B20D700005E48FE /* Sources */ = {
			isa = PBXSourcesBuildPhase;
			buildActionMask = 2147483647;
			files = (
				2237D6BB1B20D700005E48FE /* ViewController.swift in Sources */,
				2237D6B91B20D700005E48FE /* AppDelegate.swift in Sources */,
			);
			runOnlyForDeploymentPostprocessing = 0;
		};
		2237D6C41B20D700005E48FE /* Sources */ = {
			isa = PBXSourcesBuildPhase;
			buildActionMask = 2147483647;
			files = (
				2237D6CF1B20D700005E48FE /* HikerTests.swift in Sources */,
			);
			runOnlyForDeploymentPostprocessing = 0;
		};
/* End PBXSourcesBuildPhase section */

/* Begin PBXTargetDependency section */
		2237D6CA1B20D700005E48FE /* PBXTargetDependency */ = {
			isa = PBXTargetDependency;
			target = 2237D6B21B20D700005E48FE /* Hiker */;
			targetProxy = 2237D6C91B20D700005E48FE /* PBXContainerItemProxy */;
		};
/* End PBXTargetDependency section */

/* Begin PBXVariantGroup section */
		2237D6BC1B20D700005E48FE /* Main.storyboard */ = {
			isa = PBXVariantGroup;
			children = (
				2237D6BD1B20D700005E48FE /* Base */,
			);
			name = Main.storyboard;
			sourceTree = "<group>";
		};
		2237D6C11B20D700005E48FE /* LaunchScreen.xib */ = {
			isa = PBXVariantGroup;
			children = (
				2237D6C21B20D700005E48FE /* Base */,
			);
			name = LaunchScreen.xib;
			sourceTree = "<group>";
		};
/* End PBXVariantGroup section */

/* Begin XCBuildConfiguration section */
		2237D6D01B20D700005E48FE /* Debug */ = {
			isa = XCBuildConfiguration;
			buildSettings = {
				ALWAYS_SEARCH_USER_PATHS = NO;
				CLANG_CXX_LANGUAGE_STANDARD = "gnu++0x";
				CLANG_CXX_LIBRARY = "libc++";
				CLANG_ENABLE_MODULES = YES;
				CLANG_ENABLE_OBJC_ARC = YES;
				CLANG_WARN_BOOL_CONVERSION = YES;
				CLANG_WARN_CONSTANT_CONVERSION = YES;
				CLANG_WARN_DIRECT_OBJC_ISA_USAGE = YES_ERROR;
				CLANG_WARN_EMPTY_BODY = YES;
				CLANG_WARN_ENUM_CONVERSION = YES;
				CLANG_WARN_INT_CONVERSION = YES;
				CLANG_WARN_OBJC_ROOT_CLASS = YES_ERROR;
				CLANG_WARN_UNREACHABLE_CODE = YES;
				CLANG_WARN__DUPLICATE_METHOD_MATCH = YES;
				"CODE_SIGN_IDENTITY[sdk=iphoneos*]" = "iPhone Developer";
				COPY_PHASE_STRIP = NO;
				DEBUG_INFORMATION_FORMAT = "dwarf-with-dsym";
				ENABLE_STRICT_OBJC_MSGSEND = YES;
				GCC_C_LANGUAGE_STANDARD = gnu99;
				GCC_DYNAMIC_NO_PIC = NO;
				GCC_NO_COMMON_BLOCKS = YES;
				GCC_OPTIMIZATION_LEVEL = 0;
				GCC_PREPROCESSOR_DEFINITIONS = (
					"DEBUG=1",
					"$(inherited)",
				);
				GCC_SYMBOLS_PRIVATE_EXTERN = NO;
				GCC_WARN_64_TO_32_BIT_CONVERSION = YES;
				GCC_WARN_ABOUT_RETURN_TYPE = YES_ERROR;
				GCC_WARN_UNDECLARED_SELECTOR = YES;
				GCC_WARN_UNINITIALIZED_AUTOS = YES_AGGRESSIVE;
				GCC_WARN_UNUSED_FUNCTION = YES;
				GCC_WARN_UNUSED_VARIABLE = YES;
				IPHONEOS_DEPLOYMENT_TARGET = 8.4;
				MTL_ENABLE_DEBUG_INFO = YES;
				ONLY_ACTIVE_ARCH = YES;
				SDKROOT = iphoneos;
				SWIFT_OPTIMIZATION_LEVEL = "-Onone";
			};
			name = Debug;
		};
		2237D6D11B20D700005E48FE /* Release */ = {
			isa = XCBuildConfiguration;
			buildSettings = {
				ALWAYS_SEARCH_USER_PATHS = NO;
				CLANG_CXX_LANGUAGE_STANDARD = "gnu++0x";
				CLANG_CXX_LIBRARY = "libc++";
				CLANG_ENABLE_MODULES = YES;
				CLANG_ENABLE_OBJC_ARC = YES;
				CLANG_WARN_BOOL_CONVERSION = YES;
				CLANG_WARN_CONSTANT_CONVERSION = YES;
				CLANG_WARN_DIRECT_OBJC_ISA_USAGE = YES_ERROR;
				CLANG_WARN_EMPTY_BODY = YES;
				CLANG_WARN_ENUM_CONVERSION = YES;
				CLANG_WARN_INT_CONVERSION = YES;
				CLANG_WARN_OBJC_ROOT_CLASS = YES_ERROR;
				CLANG_WARN_UNREACHABLE_CODE = YES;
				CLANG_WARN__DUPLICATE_METHOD_MATCH = YES;
				"CODE_SIGN_IDENTITY[sdk=iphoneos*]" = "iPhone Developer";
				COPY_PHASE_STRIP = NO;
				DEBUG_INFORMATION_FORMAT = "dwarf-with-dsym";
				ENABLE_NS_ASSERTIONS = NO;
				ENABLE_STRICT_OBJC_MSGSEND = YES;
				GCC_C_LANGUAGE_STANDARD = gnu99;
				GCC_NO_COMMON_BLOCKS = YES;
				GCC_WARN_64_TO_32_BIT_CONVERSION = YES;
				GCC_WARN_ABOUT_RETURN_TYPE = YES_ERROR;
				GCC_WARN_UNDECLARED_SELECTOR = YES;
				GCC_WARN_UNINITIALIZED_AUTOS = YES_AGGRESSIVE;
				GCC_WARN_UNUSED_FUNCTION = YES;
				GCC_WARN_UNUSED_VARIABLE = YES;
				IPHONEOS_DEPLOYMENT_TARGET = 8.4;
				MTL_ENABLE_DEBUG_INFO = NO;
				SDKROOT = iphoneos;
				VALIDATE_PRODUCT = YES;
			};
			name = Release;
		};
		2237D6D31B20D700005E48FE /* Debug */ = {
			isa = XCBuildConfiguration;
			buildSettings = {
				ASSETCATALOG_COMPILER_APPICON_NAME = AppIcon;
				INFOPLIST_FILE = Hiker/Info.plist;
				LD_RUNPATH_SEARCH_PATHS = "$(inherited) @executable_path/Frameworks";
				PRODUCT_NAME = "$(TARGET_NAME)";
			};
			name = Debug;
		};
		2237D6D41B20D700005E48FE /* Release */ = {
			isa = XCBuildConfiguration;
			buildSettings = {
				ASSETCATALOG_COMPILER_APPICON_NAME = AppIcon;
				INFOPLIST_FILE = Hiker/Info.plist;
				LD_RUNPATH_SEARCH_PATHS = "$(inherited) @executable_path/Frameworks";
				PRODUCT_NAME = "$(TARGET_NAME)";
			};
			name = Release;
		};
		2237D6D61B20D700005E48FE /* Debug */ = {
			isa = XCBuildConfiguration;
			buildSettings = {
				BUNDLE_LOADER = "$(TEST_HOST)";
				CLANG_CXX_LANGUAGE_STANDARD = "gnu++0x";
				CLANG_CXX_LIBRARY = "libc++";
				CLANG_ENABLE_MODULES = YES;
				CLANG_ENABLE_OBJC_ARC = YES;
				CLANG_WARN_BOOL_CONVERSION = YES;
				CLANG_WARN_CONSTANT_CONVERSION = YES;
				CLANG_WARN_DIRECT_OBJC_ISA_USAGE = YES_ERROR;
				CLANG_WARN_EMPTY_BODY = YES;
				CLANG_WARN_ENUM_CONVERSION = YES;
				CLANG_WARN_INT_CONVERSION = YES;
				CLANG_WARN_OBJC_ROOT_CLASS = YES_ERROR;
				CLANG_WARN_UNREACHABLE_CODE = YES;
				CLANG_WARN__DUPLICATE_METHOD_MATCH = YES;
				ENABLE_STRICT_OBJC_MSGSEND = YES;
				FRAMEWORK_SEARCH_PATHS = (
					"$(SDKROOT)/Developer/Library/Frameworks",
					"$(inherited)",
				);
				GCC_C_LANGUAGE_STANDARD = gnu99;
				GCC_DYNAMIC_NO_PIC = NO;
				GCC_NO_COMMON_BLOCKS = YES;
				GCC_OPTIMIZATION_LEVEL = 0;
				GCC_PREPROCESSOR_DEFINITIONS = (
					"DEBUG=1",
					"$(inherited)",
				);
				GCC_SYMBOLS_PRIVATE_EXTERN = NO;
				GCC_WARN_64_TO_32_BIT_CONVERSION = YES;
				GCC_WARN_ABOUT_RETURN_TYPE = YES_ERROR;
				GCC_WARN_UNDECLARED_SELECTOR = YES;
				GCC_WARN_UNINITIALIZED_AUTOS = YES_AGGRESSIVE;
				GCC_WARN_UNUSED_FUNCTION = YES;
				GCC_WARN_UNUSED_VARIABLE = YES;
				INFOPLIST_FILE = HikerTests/Info.plist;
				LD_RUNPATH_SEARCH_PATHS = "$(inherited) @executable_path/Frameworks @loader_path/Frameworks";
				MTL_ENABLE_DEBUG_INFO = YES;
				PRODUCT_NAME = "$(TARGET_NAME)";
				TEST_HOST = "$(BUILT_PRODUCTS_DIR)/Hiker.app/Hiker";
			};
			name = Debug;
		};
		2237D6D71B20D700005E48FE /* Release */ = {
			isa = XCBuildConfiguration;
			buildSettings = {
				BUNDLE_LOADER = "$(TEST_HOST)";
				CLANG_CXX_LANGUAGE_STANDARD = "gnu++0x";
				CLANG_CXX_LIBRARY = "libc++";
				CLANG_ENABLE_MODULES = YES;
				CLANG_ENABLE_OBJC_ARC = YES;
				CLANG_WARN_BOOL_CONVERSION = YES;
				CLANG_WARN_CONSTANT_CONVERSION = YES;
				CLANG_WARN_DIRECT_OBJC_ISA_USAGE = YES_ERROR;
				CLANG_WARN_EMPTY_BODY = YES;
				CLANG_WARN_ENUM_CONVERSION = YES;
				CLANG_WARN_INT_CONVERSION = YES;
				CLANG_WARN_OBJC_ROOT_CLASS = YES_ERROR;
				CLANG_WARN_UNREACHABLE_CODE = YES;
				CLANG_WARN__DUPLICATE_METHOD_MATCH = YES;
				ENABLE_NS_ASSERTIONS = NO;
				ENABLE_STRICT_OBJC_MSGSEND = YES;
				FRAMEWORK_SEARCH_PATHS = (
					"$(SDKROOT)/Developer/Library/Frameworks",
					"$(inherited)",
				);
				GCC_C_LANGUAGE_STANDARD = gnu99;
				GCC_NO_COMMON_BLOCKS = YES;
				GCC_WARN_64_TO_32_BIT_CONVERSION = YES;
				GCC_WARN_ABOUT_RETURN_TYPE = YES_ERROR;
				GCC_WARN_UNDECLARED_SELECTOR = YES;
				GCC_WARN_UNINITIALIZED_AUTOS = YES_AGGRESSIVE;
				GCC_WARN_UNUSED_FUNCTION = YES;
				GCC_WARN_UNUSED_VARIABLE = YES;
				INFOPLIST_FILE = HikerTests/Info.plist;
				LD_RUNPATH_SEARCH_PATHS = "$(inherited) @executable_path/Frameworks @loader_path/Frameworks";
				MTL_ENABLE_DEBUG_INFO = NO;
				PRODUCT_NAME = "$(TARGET_NAME)";
				TEST_HOST = "$(BUILT_PRODUCTS_DIR)/Hiker.app/Hiker";
			};
			name = Release;
		};
/* End XCBuildConfiguration section */

/* Begin XCConfigurationList section */
		2237D6AE1B20D700005E48FE /* Build configuration list for PBXProject "Hiker" */ = {
			isa = XCConfigurationList;
			buildConfigurations = (
				2237D6D01B20D700005E48FE /* Debug */,
				2237D6D11B20D700005E48FE /* Release */,
			);
			defaultConfigurationIsVisible = 0;
			defaultConfigurationName = Release;
		};
		2237D6D21B20D700005E48FE /* Build configuration list for PBXNativeTarget "Hiker" */ = {
			isa = XCConfigurationList;
			buildConfigurations = (
				2237D6D31B20D700005E48FE /* Debug */,
				2237D6D41B20D700005E48FE /* Release */,
			);
			defaultConfigurationIsVisible = 0;
		};
		2237D6D51B20D700005E48FE /* Build configuration list for PBXNativeTarget "HikerTests" */ = {
			isa = XCConfigurationList;
			buildConfigurations = (
				2237D6D61B20D700005E48FE /* Debug */,
				2237D6D71B20D700005E48FE /* Release */,
			);
			defaultConfigurationIsVisible = 0;
		};
/* End XCConfigurationList section */
	};
	rootObject = 2237D6AB1B20D700005E48FE /* Project object */;
}
